
Microsoft Visual Studio Solution File, Format Version 12.00
# Visual Studio 2010
Project("{FAE04EC0-301F-11D3-BF4B-00C04F79EFBC}") = "br.aplicacao.tg", "br.aplicacao.tg\br.aplicacao.tg.csproj", "{A6609F9C-C875-4D03-9488-7DD93716EB67}"
EndProject
Project("{FAE04EC0-301F-11D3-BF4B-00C04F79EFBC}") = "br.banco.tg", "br.banco.tg\br.banco.tg.csproj", "{38CDB114-8EE4-4D13-B67B-E19D3AA2F641}"
EndProject
Project("{FAE04EC0-301F-11D3-BF4B-00C04F79EFBC}") = "br.dominio.tg", "br.dominio.tg\br.dominio.tg.csproj", "{26F49F89-5A1A-4CFA-A790-801CAE64100B}"
EndProject
Project("{FAE04EC0-301F-11D3-BF4B-00C04F79EFBC}") = "br.infra.tg", "br.infra.tg\br.infra.tg.csproj", "{B15F1FA2-7C48-483D-9DC2-255174783CDA}"
EndProject
Project("{FAE04EC0-301F-11D3-BF4B-00C04F79EFBC}") = "br.persistencia.tg", "br.persistencia.tg\br.persistencia.tg.csproj", "{EAFE708B-6C6C-445C-BB8F-D6C7CD0B82E1}"
EndProject
Project("{FAE04EC0-301F-11D3-BF4B-00C04F79EFBC}") = "br.mobile.phonegap.tg", "br.mobile.phonegap.tg\br.mobile.phonegap.tg.csproj", "{B5CC77F4-F397-474C-AC73-110104412FDF}"
EndProject
Project("{FAE04EC0-301F-11D3-BF4B-00C04F79EFBC}") = "br.aplication.tg", "br.aplication.tg\br.aplication.tg.csproj", "{FE045BA2-3EB4-43A1-8180-35B4395BB9F1}"
EndProject
Project("{FAE04EC0-301F-11D3-BF4B-00C04F79EFBC}") = "AtualizaDB", "AtualizaDB\AtualizaDB.csproj", "{A48F5ADE-5156-4D1E-82A7-B21377EC4DCB}"
EndProject
Global
	GlobalSection(SolutionConfigurationPlatforms) = preSolution
		Debug|Any CPU = Debug|Any CPU
		Debug|Mixed Platforms = Debug|Mixed Platforms
		Debug|x86 = Debug|x86
		Release|Any CPU = Release|Any CPU
		Release|Mixed Platforms = Release|Mixed Platforms
		Release|x86 = Release|x86
	EndGlobalSection
	GlobalSection(ProjectConfigurationPlatforms) = postSolution
		{A6609F9C-C875-4D03-9488-7DD93716EB67}.Debug|Any CPU.ActiveCfg = Debug|Any CPU
		{A6609F9C-C875-4D03-9488-7DD93716EB67}.Debug|Any CPU.Build.0 = Debug|Any CPU
		{A6609F9C-C875-4D03-9488-7DD93716EB67}.Debug|Mixed Platforms.ActiveCfg = Debug|Any CPU
		{A6609F9C-C875-4D03-9488-7DD93716EB67}.Debug|Mixed Platforms.Build.0 = Debug|Any CPU
		{A6609F9C-C875-4D03-9488-7DD93716EB67}.Debug|x86.ActiveCfg = Debug|Any CPU
		{A6609F9C-C875-4D03-9488-7DD93716EB67}.Release|Any CPU.ActiveCfg = Release|Any CPU
		{A6609F9C-C875-4D03-9488-7DD93716EB67}.Release|Any CPU.Build.0 = Release|Any CPU
		{A6609F9C-C875-4D03-9488-7DD93716EB67}.Release|Mixed Platforms.ActiveCfg = Release|Any CPU
		{A6609F9C-C875-4D03-9488-7DD93716EB67}.Release|Mixed Platforms.Build.0 = Release|Any CPU
		{A6609F9C-C875-4D03-9488-7DD93716EB67}.Release|x86.ActiveCfg = Release|Any CPU
		{38CDB114-8EE4-4D13-B67B-E19D3AA2F641}.Debug|Any CPU.ActiveCfg = Debug|Any CPU
		{38CDB114-8EE4-4D13-B67B-E19D3AA2F641}.Debug|Any CPU.Build.0 = Debug|Any CPU
		{38CDB114-8EE4-4D13-B67B-E19D3AA2F641}.Debug|Mixed Platforms.ActiveCfg = Debug|Any CPU
		{38CDB114-8EE4-4D13-B67B-E19D3AA2F641}.Debug|Mixed Platforms.Build.0 = Debug|Any CPU
		{38CDB114-8EE4-4D13-B67B-E19D3AA2F641}.Debug|x86.ActiveCfg = Debug|Any CPU
		{38CDB114-8EE4-4D13-B67B-E19D3AA2F641}.Release|Any CPU.ActiveCfg = Release|Any CPU
		{38CDB114-8EE4-4D13-B67B-E19D3AA2F641}.Release|Any CPU.Build.0 = Release|Any CPU
		{38CDB114-8EE4-4D13-B67B-E19D3AA2F641}.Release|Mixed Platforms.ActiveCfg = Release|Any CPU
		{38CDB114-8EE4-4D13-B67B-E19D3AA2F641}.Release|Mixed Platforms.Build.0 = Release|Any CPU
		{38CDB114-8EE4-4D13-B67B-E19D3AA2F641}.Release|x86.ActiveCfg = Release|Any CPU
		{26F49F89-5A1A-4CFA-A790-801CAE64100B}.Debug|Any CPU.ActiveCfg = Debug|Any CPU
		{26F49F89-5A1A-4CFA-A790-801CAE64100B}.Debug|Any CPU.Build.0 = Debug|Any CPU
		{26F49F89-5A1A-4CFA-A790-801CAE64100B}.Debug|Mixed Platforms.ActiveCfg = Debug|Any CPU
		{26F49F89-5A1A-4CFA-A790-801CAE64100B}.Debug|Mixed Platforms.Build.0 = Debug|Any CPU
		{26F49F89-5A1A-4CFA-A790-801CAE64100B}.Debug|x86.ActiveCfg = Debug|Any CPU
		{26F49F89-5A1A-4CFA-A790-801CAE64100B}.Release|Any CPU.ActiveCfg = Release|Any CPU
		{26F49F89-5A1A-4CFA-A790-801CAE64100B}.Release|Any CPU.Build.0 = Release|Any CPU
		{26F49F89-5A1A-4CFA-A790-801CAE64100B}.Release|Mixed Platforms.ActiveCfg = Release|Any CPU
		{26F49F89-5A1A-4CFA-A790-801CAE64100B}.Release|Mixed Platforms.Build.0 = Release|Any CPU
		{26F49F89-5A1A-4CFA-A790-801CAE64100B}.Release|x86.ActiveCfg = Release|Any CPU
		{B15F1FA2-7C48-483D-9DC2-255174783CDA}.Debug|Any CPU.ActiveCfg = Debug|Any CPU
		{B15F1FA2-7C48-483D-9DC2-255174783CDA}.Debug|Any CPU.Build.0 = Debug|Any CPU
		{B15F1FA2-7C48-483D-9DC2-255174783CDA}.Debug|Mixed Platforms.ActiveCfg = Debug|Any CPU
		{B15F1FA2-7C48-483D-9DC2-255174783CDA}.Debug|Mixed Platforms.Build.0 = Debug|Any CPU
		{B15F1FA2-7C48-483D-9DC2-255174783CDA}.Debug|x86.ActiveCfg = Debug|Any CPU
		{B15F1FA2-7C48-483D-9DC2-255174783CDA}.Release|Any CPU.ActiveCfg = Release|Any CPU
		{B15F1FA2-7C48-483D-9DC2-255174783CDA}.Release|Any CPU.Build.0 = Release|Any CPU
		{B15F1FA2-7C48-483D-9DC2-255174783CDA}.Release|Mixed Platforms.ActiveCfg = Release|Any CPU
		{B15F1FA2-7C48-483D-9DC2-255174783CDA}.Release|Mixed Platforms.Build.0 = Release|Any CPU
		{B15F1FA2-7C48-483D-9DC2-255174783CDA}.Release|x86.ActiveCfg = Release|Any CPU
		{EAFE708B-6C6C-445C-BB8F-D6C7CD0B82E1}.Debug|Any CPU.ActiveCfg = Debug|Any CPU
		{EAFE708B-6C6C-445C-BB8F-D6C7CD0B82E1}.Debug|Any CPU.Build.0 = Debug|Any CPU
		{EAFE708B-6C6C-445C-BB8F-D6C7CD0B82E1}.Debug|Mixed Platforms.ActiveCfg = Debug|Any CPU
		{EAFE708B-6C6C-445C-BB8F-D6C7CD0B82E1}.Debug|Mixed Platforms.Build.0 = Debug|Any CPU
		{EAFE708B-6C6C-445C-BB8F-D6C7CD0B82E1}.Debug|x86.ActiveCfg = Debug|Any CPU
		{EAFE708B-6C6C-445C-BB8F-D6C7CD0B82E1}.Release|Any CPU.ActiveCfg = Release|Any CPU
		{EAFE708B-6C6C-445C-BB8F-D6C7CD0B82E1}.Release|Any CPU.Build.0 = Release|Any CPU
		{EAFE708B-6C6C-445C-BB8F-D6C7CD0B82E1}.Release|Mixed Platforms.ActiveCfg = Release|Any CPU
		{EAFE708B-6C6C-445C-BB8F-D6C7CD0B82E1}.Release|Mixed Platforms.Build.0 = Release|Any CPU
		{EAFE708B-6C6C-445C-BB8F-D6C7CD0B82E1}.Release|x86.ActiveCfg = Release|Any CPU
		{B5CC77F4-F397-474C-AC73-110104412FDF}.Debug|Any CPU.ActiveCfg = Debug|Any CPU
		{B5CC77F4-F397-474C-AC73-110104412FDF}.Debug|Mixed Platforms.ActiveCfg = Debug|Any CPU
		{B5CC77F4-F397-474C-AC73-110104412FDF}.Debug|Mixed Platforms.Build.0 = Debug|Any CPU
		{B5CC77F4-F397-474C-AC73-110104412FDF}.Debug|Mixed Platforms.Deploy.0 = Debug|Any CPU
		{B5CC77F4-F397-474C-AC73-110104412FDF}.Debug|x86.ActiveCfg = Debug|Any CPU
		{B5CC77F4-F397-474C-AC73-110104412FDF}.Release|Any CPU.ActiveCfg = Release|Any CPU
		{B5CC77F4-F397-474C-AC73-110104412FDF}.Release|Mixed Platforms.ActiveCfg = Release|Any CPU
		{B5CC77F4-F397-474C-AC73-110104412FDF}.Release|Mixed Platforms.Build.0 = Release|Any CPU
		{B5CC77F4-F397-474C-AC73-110104412FDF}.Release|x86.ActiveCfg = Release|Any CPU
		{FE045BA2-3EB4-43A1-8180-35B4395BB9F1}.Debug|Any CPU.ActiveCfg = Debug|Any CPU
		{FE045BA2-3EB4-43A1-8180-35B4395BB9F1}.Debug|Any CPU.Build.0 = Debug|Any CPU
		{FE045BA2-3EB4-43A1-8180-35B4395BB9F1}.Debug|Mixed Platforms.ActiveCfg = Debug|Any CPU
		{FE045BA2-3EB4-43A1-8180-35B4395BB9F1}.Debug|Mixed Platforms.Build.0 = Debug|Any CPU
		{FE045BA2-3EB4-43A1-8180-35B4395BB9F1}.Debug|x86.ActiveCfg = Debug|Any CPU
		{FE045BA2-3EB4-43A1-8180-35B4395BB9F1}.Release|Any CPU.ActiveCfg = Release|Any CPU
		{FE045BA2-3EB4-43A1-8180-35B4395BB9F1}.Release|Any CPU.Build.0 = Release|Any CPU
		{FE045BA2-3EB4-43A1-8180-35B4395BB9F1}.Release|Mixed Platforms.ActiveCfg = Release|Any CPU
		{FE045BA2-3EB4-43A1-8180-35B4395BB9F1}.Release|Mixed Platforms.Build.0 = Release|Any CPU
		{FE045BA2-3EB4-43A1-8180-35B4395BB9F1}.Release|x86.ActiveCfg = Release|Any CPU
		{A48F5ADE-5156-4D1E-82A7-B21377EC4DCB}.Debug|Any CPU.ActiveCfg = Debug|x86
		{A48F5ADE-5156-4D1E-82A7-B21377EC4DCB}.Debug|Mixed Platforms.ActiveCfg = Debug|x86
		{A48F5ADE-5156-4D1E-82A7-B21377EC4DCB}.Debug|Mixed Platforms.Build.0 = Debug|x86
		{A48F5ADE-5156-4D1E-82A7-B21377EC4DCB}.Debug|x86.ActiveCfg = Debug|x86
		{A48F5ADE-5156-4D1E-82A7-B21377EC4DCB}.Debug|x86.Build.0 = Debug|x86
		{A48F5ADE-5156-4D1E-82A7-B21377EC4DCB}.Release|Any CPU.ActiveCfg = Release|x86
		{A48F5ADE-5156-4D1E-82A7-B21377EC4DCB}.Release|Mixed Platforms.ActiveCfg = Release|x86
		{A48F5ADE-5156-4D1E-82A7-B21377EC4DCB}.Release|Mixed Platforms.Build.0 = Release|x86
		{A48F5ADE-5156-4D1E-82A7-B21377EC4DCB}.Release|x86.ActiveCfg = Release|x86
		{A48F5ADE-5156-4D1E-82A7-B21377EC4DCB}.Release|x86.Build.0 = Release|x86
	EndGlobalSection
	GlobalSection(SolutionProperties) = preSolution
		HideSolutionNode = FALSE
	EndGlobalSection
EndGlobal
